
Microsoft Visual Studio Solution File, Format Version 12.00
# Visual Studio Version 17
VisualStudioVersion = 17.14.36915.13 d17.14
MinimumVisualStudioVersion = 10.0.40219.1
Project("{FAE04EC0-301F-11D3-BF4B-00C04F79EFBC}") = "SumAndAverage", "SumAndAverage.csproj", "{ED79D7D7-E3FA-4327-BF37-F71F07178384}"
EndProject
Global
	GlobalSection(SolutionConfigurationPlatforms) = preSolution
		Debug|Any CPU = Debug|Any CPU
		Release|Any CPU = Release|Any CPU
	EndGlobalSection
	GlobalSection(ProjectConfigurationPlatforms) = postSolution
		{ED79D7D7-E3FA-4327-BF37-F71F07178384}.Debug|Any CPU.ActiveCfg = Debug|Any CPU
		{ED79D7D7-E3FA-4327-BF37-F71F07178384}.Debug|Any CPU.Build.0 = Debug|Any CPU
		{ED79D7D7-E3FA-4327-BF37-F71F07178384}.Release|Any CPU.ActiveCfg = Release|Any CPU
		{ED79D7D7-E3FA-4327-BF37-F71F07178384}.Release|Any CPU.Build.0 = Release|Any CPU
	EndGlobalSection
	GlobalSection(SolutionProperties) = preSolution
		HideSolutionNode = FALSE
	EndGlobalSection
	GlobalSection(ExtensibilityGlobals) = postSolution
		SolutionGuid = {CC25DFED-9153-4E01-8F13-C23FD6517285}
	EndGlobalSection
EndGlobal
